
Microsoft Visual Studio Solution File, Format Version 12.00
# Visual Studio 15
VisualStudioVersion = 15.0.28307.136
MinimumVisualStudioVersion = 10.0.40219.1
Project("{FAE04EC0-301F-11D3-BF4B-00C04F79EFBC}") = "GUI", "GUI\GUI.csproj", "{DD97B027-70D7-488C-9E18-1304EA956E06}"
EndProject
Project("{FAE04EC0-301F-11D3-BF4B-00C04F79EFBC}") = "GMLibrary", "GMLibrary\GMLibrary.csproj", "{5F1B2E37-15C7-455E-A06A-02D1B5DB8761}"
EndProject
Project("{FAE04EC0-301F-11D3-BF4B-00C04F79EFBC}") = "JXLibrary", "JXLibrary\JXLibrary.csproj", "{B8E99222-64BB-4B58-9DD0-B04AECE97E6A}"
EndProject
Global
	GlobalSection(SolutionConfigurationPlatforms) = preSolution
		Debug|Any CPU = Debug|Any CPU
		Release|Any CPU = Release|Any CPU
	EndGlobalSection
	GlobalSection(ProjectConfigurationPlatforms) = postSolution
		{DD97B027-70D7-488C-9E18-1304EA956E06}.Debug|Any CPU.ActiveCfg = Debug|Any CPU
		{DD97B027-70D7-488C-9E18-1304EA956E06}.Debug|Any CPU.Build.0 = Debug|Any CPU
		{DD97B027-70D7-488C-9E18-1304EA956E06}.Release|Any CPU.ActiveCfg = Release|Any CPU
		{DD97B027-70D7-488C-9E18-1304EA956E06}.Release|Any CPU.Build.0 = Release|Any CPU
		{5F1B2E37-15C7-455E-A06A-02D1B5DB8761}.Debug|Any CPU.ActiveCfg = Debug|Any CPU
		{5F1B2E37-15C7-455E-A06A-02D1B5DB8761}.Debug|Any CPU.Build.0 = Debug|Any CPU
		{5F1B2E37-15C7-455E-A06A-02D1B5DB8761}.Release|Any CPU.ActiveCfg = Release|Any CPU
		{5F1B2E37-15C7-455E-A06A-02D1B5DB8761}.Release|Any CPU.Build.0 = Release|Any CPU
		{B8E99222-64BB-4B58-9DD0-B04AECE97E6A}.Debug|Any CPU.ActiveCfg = Debug|Any CPU
		{B8E99222-64BB-4B58-9DD0-B04AECE97E6A}.Debug|Any CPU.Build.0 = Debug|Any CPU
		{B8E99222-64BB-4B58-9DD0-B04AECE97E6A}.Release|Any CPU.ActiveCfg = Release|Any CPU
		{B8E99222-64BB-4B58-9DD0-B04AECE97E6A}.Release|Any CPU.Build.0 = Release|Any CPU
	EndGlobalSection
	GlobalSection(SolutionProperties) = preSolution
		HideSolutionNode = FALSE
	EndGlobalSection
	GlobalSection(ExtensibilityGlobals) = postSolution
		SolutionGuid = {699A4DB5-0787-45C7-8217-C03FEB4AEAA6}
	EndGlobalSection
EndGlobal
